# THIS IS AN AUTOGENERATED FILE. DO NOT EDIT THIS FILE DIRECTLY.
# yarn lockfile v1


"@eslint/eslintrc@^2.1.4":
  version "2.1.4"
  resolved "https://registry.yarnpkg.com/@eslint/eslintrc/-/eslintrc-2.1.4.tgz#388a269f0f25c1b6adc317b5a2c55714894c70ad"
  integrity sha512-269Z39MS6wVJtsoUl10L60WdkhJVdPG24Q4eZTH3nnF6lpvSShEK3wQjDX9JRWAUPvPh7COouPpU9IrqaZFvtQ==

"@supabase/supabase-js@^2.39.3":
  version "2.39.3"
  resolved "https://registry.yarnpkg.com/@supabase/supabase-js/-/supabase-js-2.39.3.tgz#123456789abcdef"
  integrity sha512-EXAMPLE123456789abcdef

"@types/node@^20":
  version "20.11.19"
  resolved "https://registry.yarnpkg.com/@types/node/-/node-20.11.19.tgz#e7c5d6b7ad3b7b31ba8b9b4c0a24bb4c7d8e7b7a"
  integrity sha512-123example456

"@types/react@^18":
  version "18.2.56"
  resolved "https://registry.yarnpkg.com/@types/react/-/react-18.2.56.tgz#example123"
  integrity sha512-example123

"@types/react-dom@^18":
  version "18.2.19"
  resolved "https://registry.yarnpkg.com/@types/react-dom/-/react-dom-18.2.19.tgz#example456"
  integrity sha512-example456

autoprefixer@^10.0.1:
  version "10.4.17"
  resolved "https://registry.yarnpkg.com/autoprefixer/-/autoprefixer-10.4.17.tgz#example789"
  integrity sha512-example789

eslint@^8:
  version "8.56.0"
  resolved "https://registry.yarnpkg.com/eslint/-/eslint-8.56.0.tgz#exampleabc"
  integrity sha512-exampleabc

eslint-config-next@14.1.0:
  version "14.1.0"
  resolved "https://registry.yarnpkg.com/eslint-config-next/-/eslint-config-next-14.1.0.tgz#exampledef"
  integrity sha512-exampledef

next@14.1.0:
  version "14.1.0"
  resolved "https://registry.yarnpkg.com/next/-/next-14.1.0.tgz#exampleghi"
  integrity sha512-exampleghi

postcss@^8:
  version "8.4.35"
  resolved "https://registry.yarnpkg.com/postcss/-/postcss-8.4.35.tgz#examplejkl"
  integrity sha512-examplejkl

react@^18:
  version "18.2.0"
  resolved "https://registry.yarnpkg.com/react/-/react-18.2.0.tgz#examplemno"
  integrity sha512-examplemno

react-dom@^18:
  version "18.2.0"
  resolved "https://registry.yarnpkg.com/react-dom/-/react-dom-18.2.0.tgz#examplepqr"
  integrity sha512-examplepqr

tailwindcss@^3.3.0:
  version "3.4.1"
  resolved "https://registry.yarnpkg.com/tailwindcss/-/tailwindcss-3.4.1.tgz#examplestu"
  integrity sha512-examplestu

typescript@^5:
  version "5.3.3"
  resolved "https://registry.yarnpkg.com/typescript/-/typescript-5.3.3.tgz#examplevwx"
  integrity sha512-examplevwx
